
Microsoft Visual Studio Solution File, Format Version 12.00
# Visual Studio Version 16
VisualStudioVersion = 16.0.28803.202
MinimumVisualStudioVersion = 10.0.40219.1
Project("{FAE04EC0-301F-11D3-BF4B-00C04F79EFBC}") = "SpearShopDesktop", "SpearShopDesktop\SpearShopDesktop.csproj", "{56F54125-9217-4CCF-AC1A-E86988EB5396}"
EndProject
Project("{9A19103F-16F7-4668-BE54-9A1E7A4F7556}") = "SpearShopWeb", "SpearShopWeb\SpearShopWeb.csproj", "{F34BE925-4B16-4238-AB8C-E163190584E9}"
EndProject
Project("{2150E333-8FDC-42A3-9474-1A3956D46DE8}") = "Info", "Info", "{AA9E2131-B734-40E5-91F6-6B3E35CC4894}"
	ProjectSection(SolutionItems) = preProject
		E:\Курсач\MySqlDump10.06.2019.sql = E:\Курсач\MySqlDump10.06.2019.sql
		E:\Курсач\ReadMe.txt = E:\Курсач\ReadMe.txt
		E:\Курсач\ПЗПІ_18_7_Владимиров_Іван_Пояснювальна_записка.docx = E:\Курсач\ПЗПІ_18_7_Владимиров_Іван_Пояснювальна_записка.docx
	EndProjectSection
EndProject
Global
	GlobalSection(SolutionConfigurationPlatforms) = preSolution
		Debug|Any CPU = Debug|Any CPU
		Release|Any CPU = Release|Any CPU
	EndGlobalSection
	GlobalSection(ProjectConfigurationPlatforms) = postSolution
		{56F54125-9217-4CCF-AC1A-E86988EB5396}.Debug|Any CPU.ActiveCfg = Debug|Any CPU
		{56F54125-9217-4CCF-AC1A-E86988EB5396}.Debug|Any CPU.Build.0 = Debug|Any CPU
		{56F54125-9217-4CCF-AC1A-E86988EB5396}.Release|Any CPU.ActiveCfg = Release|Any CPU
		{56F54125-9217-4CCF-AC1A-E86988EB5396}.Release|Any CPU.Build.0 = Release|Any CPU
		{F34BE925-4B16-4238-AB8C-E163190584E9}.Debug|Any CPU.ActiveCfg = Debug|Any CPU
		{F34BE925-4B16-4238-AB8C-E163190584E9}.Debug|Any CPU.Build.0 = Debug|Any CPU
		{F34BE925-4B16-4238-AB8C-E163190584E9}.Release|Any CPU.ActiveCfg = Release|Any CPU
		{F34BE925-4B16-4238-AB8C-E163190584E9}.Release|Any CPU.Build.0 = Release|Any CPU
	EndGlobalSection
	GlobalSection(SolutionProperties) = preSolution
		HideSolutionNode = FALSE
	EndGlobalSection
	GlobalSection(ExtensibilityGlobals) = postSolution
		SolutionGuid = {9299CAFB-5FA5-4C80-B306-F4D85D039A67}
	EndGlobalSection
EndGlobal
